
Microsoft Visual Studio Solution File, Format Version 12.00
# Visual Studio Version 16
VisualStudioVersion = 16.0.29318.209
MinimumVisualStudioVersion = 10.0.40219.1
Project("{FAE04EC0-301F-11D3-BF4B-00C04F79EFBC}") = "assignment5", "assignment5.csproj", "{813C9002-45C9-44E8-9BAB-2A1D9E644B55}"
EndProject
Global
	GlobalSection(SolutionConfigurationPlatforms) = preSolution
		Debug|Any CPU = Debug|Any CPU
		Release|Any CPU = Release|Any CPU
	EndGlobalSection
	GlobalSection(ProjectConfigurationPlatforms) = postSolution
		{813C9002-45C9-44E8-9BAB-2A1D9E644B55}.Debug|Any CPU.ActiveCfg = Debug|Any CPU
		{813C9002-45C9-44E8-9BAB-2A1D9E644B55}.Debug|Any CPU.Build.0 = Debug|Any CPU
		{813C9002-45C9-44E8-9BAB-2A1D9E644B55}.Release|Any CPU.ActiveCfg = Release|Any CPU
		{813C9002-45C9-44E8-9BAB-2A1D9E644B55}.Release|Any CPU.Build.0 = Release|Any CPU
	EndGlobalSection
	GlobalSection(SolutionProperties) = preSolution
		HideSolutionNode = FALSE
	EndGlobalSection
	GlobalSection(ExtensibilityGlobals) = postSolution
		SolutionGuid = {0382E2F3-CC66-466A-8830-A8F01651D1BE}
	EndGlobalSection
EndGlobal
